
Microsoft Visual Studio Solution File, Format Version 12.00
# Visual Studio Version 17
VisualStudioVersion = 17.10.35122.118
MinimumVisualStudioVersion = 10.0.40219.1
Project("{FAE04EC0-301F-11D3-BF4B-00C04F79EFBC}") = "Calculator", "Module16\Calculator.csproj", "{F25F63EE-3461-480A-AAED-DD672E8DA370}"
EndProject
Project("{FAE04EC0-301F-11D3-BF4B-00C04F79EFBC}") = "Calculator.Tests", "Calculator.Tests\Calculator.Tests.csproj", "{23195BB2-8D0F-47DD-939F-8AC4B9231A55}"
EndProject
Global
	GlobalSection(SolutionConfigurationPlatforms) = preSolution
		Debug|Any CPU = Debug|Any CPU
		Release|Any CPU = Release|Any CPU
	EndGlobalSection
	GlobalSection(ProjectConfigurationPlatforms) = postSolution
		{F25F63EE-3461-480A-AAED-DD672E8DA370}.Debug|Any CPU.ActiveCfg = Debug|Any CPU
		{F25F63EE-3461-480A-AAED-DD672E8DA370}.Debug|Any CPU.Build.0 = Debug|Any CPU
		{F25F63EE-3461-480A-AAED-DD672E8DA370}.Release|Any CPU.ActiveCfg = Release|Any CPU
		{F25F63EE-3461-480A-AAED-DD672E8DA370}.Release|Any CPU.Build.0 = Release|Any CPU
		{23195BB2-8D0F-47DD-939F-8AC4B9231A55}.Debug|Any CPU.ActiveCfg = Debug|Any CPU
		{23195BB2-8D0F-47DD-939F-8AC4B9231A55}.Debug|Any CPU.Build.0 = Debug|Any CPU
		{23195BB2-8D0F-47DD-939F-8AC4B9231A55}.Release|Any CPU.ActiveCfg = Release|Any CPU
		{23195BB2-8D0F-47DD-939F-8AC4B9231A55}.Release|Any CPU.Build.0 = Release|Any CPU
	EndGlobalSection
	GlobalSection(SolutionProperties) = preSolution
		HideSolutionNode = FALSE
	EndGlobalSection
	GlobalSection(ExtensibilityGlobals) = postSolution
		SolutionGuid = {709F9044-20DA-40C4-9BAD-A129EF246F94}
	EndGlobalSection
EndGlobal
